<?xml version="1.0" encoding="utf-8"?>
<Project ToolsVersion="4.0" xmlns="http://schemas.microsoft.com/developer/msbuild/2003">
  <ItemGroup>
    <Filter Include="源文件">
      <UniqueIdentifier>{4FC737F1-C7A5-4376-A066-2A32D752A2FF}</UniqueIdentifier>
      <Extensions>cpp;c;cc;cxx;def;odl;idl;hpj;bat;asm;asmx</Extensions>
    </Filter>
    <Filter Include="头文件">
      <UniqueIdentifier>{93995380-89BD-4b04-88EB-625FBE52EBFB}</UniqueIdentifier>
      <Extensions>h;hh;hpp;hxx;hm;inl;inc;xsd</Extensions>
    </Filter>
    <Filter Include="资源文件">
      <UniqueIdentifier>{67DA6AB6-F800-4c08-8B7A-83BB121AAD01}</UniqueIdentifier>
      <Extensions>rc;ico;cur;bmp;dlg;rc2;rct;bin;rgs;gif;jpg;jpeg;jpe;resx;tiff;tif;png;wav;mfcribbon-ms</Extensions>
    </Filter>
    <Filter Include="auth">
      <UniqueIdentifier>{7592c42d-ced0-400c-a42e-ba9db551424a}</UniqueIdentifier>
    </Filter>
    <Filter Include="cef_browser">
      <UniqueIdentifier>{2499800e-9351-433a-bf38-04e7545f2080}</UniqueIdentifier>
    </Filter>
    <Filter Include="chat_manager">
      <UniqueIdentifier>{a4781f7f-2d3c-468a-a8ca-318026192f22}</UniqueIdentifier>
    </Filter>
    <Filter Include="http_load">
      <UniqueIdentifier>{f061fdb6-b055-4a8b-a383-8dd3858bca66}</UniqueIdentifier>
    </Filter>
    <Filter Include="json">
      <UniqueIdentifier>{fe583a19-ed8e-4959-a8ec-60df02d45cd0}</UniqueIdentifier>
    </Filter>
    <Filter Include="log">
      <UniqueIdentifier>{dda67318-a6ce-48ff-aeae-d0154485195b}</UniqueIdentifier>
    </Filter>
    <Filter Include="md5">
      <UniqueIdentifier>{cc4ed088-d396-4ba7-b224-6d72c7ead6fd}</UniqueIdentifier>
    </Filter>
    <Filter Include="timer">
      <UniqueIdentifier>{6b1019f6-74a5-4cf7-934c-0d33d206072f}</UniqueIdentifier>
    </Filter>
    <Filter Include="ui">
      <UniqueIdentifier>{0378ccb3-19e4-487b-9221-2ec56cb0a51a}</UniqueIdentifier>
    </Filter>
    <Filter Include="utils">
      <UniqueIdentifier>{119a860b-367f-4de5-b7c9-6857602d26ce}</UniqueIdentifier>
    </Filter>
    <Filter Include="chat_common">
      <UniqueIdentifier>{3f2de605-e641-47e2-a8d5-02eb652e7247}</UniqueIdentifier>
    </Filter>
    <Filter Include="ui_common">
      <UniqueIdentifier>{ca5fa430-1fa7-4ff0-afa7-d93197535430}</UniqueIdentifier>
    </Filter>
  </ItemGroup>
  <ItemGroup>
    <Text Include="ReadMe.txt" />
  </ItemGroup>
  <ItemGroup>
    <ClInclude Include="stdafx.h">
      <Filter>头文件</Filter>
    </ClInclude>
    <ClInclude Include="targetver.h">
      <Filter>头文件</Filter>
    </ClInclude>
    <ClInclude Include="Resource.h">
      <Filter>头文件</Filter>
    </ClInclude>
    <ClInclude Include="YunKa.h">
      <Filter>头文件</Filter>
    </ClInclude>
    <ClInclude Include="ui\observer_impl_base.hpp">
      <Filter>ui</Filter>
    </ClInclude>
    <ClInclude Include="ui\login_wnd.h">
      <Filter>ui</Filter>
    </ClInclude>
    <ClInclude Include="ui\main_frame.h">
      <Filter>ui</Filter>
    </ClInclude>
    <ClInclude Include="ui\ui_crack.h">
      <Filter>ui</Filter>
    </ClInclude>
    <ClInclude Include="ui\ui_menu.h">
      <Filter>ui</Filter>
    </ClInclude>
    <ClInclude Include="ui_common\global_setting_define.h">
      <Filter>ui_common</Filter>
    </ClInclude>
    <ClInclude Include="ui_common\small_menu.h">
      <Filter>ui_common</Filter>
    </ClInclude>
    <ClInclude Include="ui_common\common_utility.h">
      <Filter>ui_common</Filter>
    </ClInclude>
    <ClInclude Include="ui_common\global_setting.h">
      <Filter>ui_common</Filter>
    </ClInclude>
    <ClInclude Include="ui_common\path.h">
      <Filter>ui_common</Filter>
    </ClInclude>
    <ClInclude Include="ui_common\utils.h">
      <Filter>ui_common</Filter>
    </ClInclude>
    <ClInclude Include="chat_common\comdef.h">
      <Filter>chat_common</Filter>
    </ClInclude>
    <ClInclude Include="chat_common\comfunc.h">
      <Filter>chat_common</Filter>
    </ClInclude>
    <ClInclude Include="chat_common\comobject.h">
      <Filter>chat_common</Filter>
    </ClInclude>
    <ClInclude Include="chat_common\comstruct.h">
      <Filter>chat_common</Filter>
    </ClInclude>
    <ClInclude Include="timer\timer.h">
      <Filter>timer</Filter>
    </ClInclude>
    <ClInclude Include="auth\sockbase.h">
      <Filter>auth</Filter>
    </ClInclude>
    <ClInclude Include="auth\http_parse.h">
      <Filter>auth</Filter>
    </ClInclude>
    <ClInclude Include="auth\auth_error.h">
      <Filter>auth</Filter>
    </ClInclude>
    <ClInclude Include="md5\md5.h">
      <Filter>md5</Filter>
    </ClInclude>
    <ClInclude Include="log\dirfileop.h">
      <Filter>log</Filter>
    </ClInclude>
    <ClInclude Include="log\winlog.h">
      <Filter>log</Filter>
    </ClInclude>
    <ClInclude Include="auth\auth_client.h">
      <Filter>auth</Filter>
    </ClInclude>
    <ClInclude Include="chat_manager\chat_manager.h">
      <Filter>chat_manager</Filter>
    </ClInclude>
    <ClInclude Include="chat_manager\login.h">
      <Filter>chat_manager</Filter>
    </ClInclude>
    <ClInclude Include="chat_manager\socket.h">
      <Filter>chat_manager</Filter>
    </ClInclude>
    <ClInclude Include="utils\convert.h">
      <Filter>utils</Filter>
    </ClInclude>
    <ClInclude Include="utils\dbconnect.h">
      <Filter>utils</Filter>
    </ClInclude>
    <ClInclude Include="utils\emlib.h">
      <Filter>utils</Filter>
    </ClInclude>
    <ClInclude Include="utils\encrypt.h">
      <Filter>utils</Filter>
    </ClInclude>
    <ClInclude Include="utils\error_info.h">
      <Filter>utils</Filter>
    </ClInclude>
    <ClInclude Include="utils\lock.h">
      <Filter>utils</Filter>
    </ClInclude>
    <ClInclude Include="utils\mutex.h">
      <Filter>utils</Filter>
    </ClInclude>
    <ClInclude Include="utils\pack.h">
      <Filter>utils</Filter>
    </ClInclude>
    <ClInclude Include="utils\tstring.h">
      <Filter>utils</Filter>
    </ClInclude>
    <ClInclude Include="utils\zlib_stream.h">
      <Filter>utils</Filter>
    </ClInclude>
    <ClInclude Include="ui\face_ctrl.h">
      <Filter>ui</Filter>
    </ClInclude>
    <ClInclude Include="ui\face_list.h">
      <Filter>ui</Filter>
    </ClInclude>
    <ClInclude Include="ui\face_sel_dlg.h">
      <Filter>ui</Filter>
    </ClInclude>
    <ClInclude Include="ui\gif_image.h">
      <Filter>ui</Filter>
    </ClInclude>
    <ClInclude Include="ui\IImageOle.h">
      <Filter>ui</Filter>
    </ClInclude>
    <ClInclude Include="ui\xml_document.h">
      <Filter>ui</Filter>
    </ClInclude>
    <ClInclude Include="chat_common\comclt.h">
      <Filter>chat_common</Filter>
    </ClInclude>
    <ClInclude Include="chat_common\comcom.h">
      <Filter>chat_common</Filter>
    </ClInclude>
    <ClInclude Include="chat_common\comfloat.h">
      <Filter>chat_common</Filter>
    </ClInclude>
    <ClInclude Include="chat_common\comform.h">
      <Filter>chat_common</Filter>
    </ClInclude>
    <ClInclude Include="chat_common\comsrv.h">
      <Filter>chat_common</Filter>
    </ClInclude>
    <ClInclude Include="chat_common\comtran.h">
      <Filter>chat_common</Filter>
    </ClInclude>
    <ClInclude Include="json\json.h">
      <Filter>json</Filter>
    </ClInclude>
    <ClInclude Include="json\json_batchallocator.h">
      <Filter>json</Filter>
    </ClInclude>
    <ClInclude Include="json\jsonext.h">
      <Filter>json</Filter>
    </ClInclude>
    <ClInclude Include="json\cJSON.h">
      <Filter>json</Filter>
    </ClInclude>
    <ClInclude Include="json\writer.h">
      <Filter>json</Filter>
    </ClInclude>
    <ClInclude Include="json\value.h">
      <Filter>json</Filter>
    </ClInclude>
    <ClInclude Include="json\reader.h">
      <Filter>json</Filter>
    </ClInclude>
    <ClInclude Include="json\config.h">
      <Filter>json</Filter>
    </ClInclude>
    <ClInclude Include="json\autolink.h">
      <Filter>json</Filter>
    </ClInclude>
    <ClInclude Include="json\features.h">
      <Filter>json</Filter>
    </ClInclude>
    <ClInclude Include="json\forwards.h">
      <Filter>json</Filter>
    </ClInclude>
    <ClInclude Include="utils\code_convert.h">
      <Filter>utils</Filter>
    </ClInclude>
    <ClInclude Include="chat_manager\chat_history_msg.h">
      <Filter>chat_manager</Filter>
    </ClInclude>
    <ClInclude Include="chat_common\wx_obj.h">
      <Filter>chat_common</Filter>
    </ClInclude>
    <ClInclude Include="chat_common\commsg.h">
      <Filter>chat_common</Filter>
    </ClInclude>
    <ClInclude Include="cef_browser\binding_test.h">
      <Filter>cef_browser</Filter>
    </ClInclude>
    <ClInclude Include="cef_browser\bytes_write_handler.h">
      <Filter>cef_browser</Filter>
    </ClInclude>
    <ClInclude Include="cef_browser\cefclient.h">
      <Filter>cef_browser</Filter>
    </ClInclude>
    <ClInclude Include="cef_browser\cefclient_osr_dragdrop_win.h">
      <Filter>cef_browser</Filter>
    </ClInclude>
    <ClInclude Include="cef_browser\cefclient_osr_widget_win.h">
      <Filter>cef_browser</Filter>
    </ClInclude>
    <ClInclude Include="cef_browser\client_app.h">
      <Filter>cef_browser</Filter>
    </ClInclude>
    <ClInclude Include="cef_browser\client_handler.h">
      <Filter>cef_browser</Filter>
    </ClInclude>
    <ClInclude Include="cef_browser\client_renderer.h">
      <Filter>cef_browser</Filter>
    </ClInclude>
    <ClInclude Include="cef_browser\client_switches.h">
      <Filter>cef_browser</Filter>
    </ClInclude>
    <ClInclude Include="cef_browser\dialog_test.h">
      <Filter>cef_browser</Filter>
    </ClInclude>
    <ClInclude Include="cef_browser\dragdrop_events.h">
      <Filter>cef_browser</Filter>
    </ClInclude>
    <ClInclude Include="cef_browser\osrenderer.h">
      <Filter>cef_browser</Filter>
    </ClInclude>
    <ClInclude Include="cef_browser\performance.h">
      <Filter>cef_browser</Filter>
    </ClInclude>
    <ClInclude Include="cef_browser\performance_setup.h">
      <Filter>cef_browser</Filter>
    </ClInclude>
    <ClInclude Include="cef_browser\resource_util.h">
      <Filter>cef_browser</Filter>
    </ClInclude>
    <ClInclude Include="cef_browser\scheme_test.h">
      <Filter>cef_browser</Filter>
    </ClInclude>
    <ClInclude Include="cef_browser\string_util.h">
      <Filter>cef_browser</Filter>
    </ClInclude>
    <ClInclude Include="cef_browser\window_test.h">
      <Filter>cef_browser</Filter>
    </ClInclude>
    <ClInclude Include="ui\user_list.h">
      <Filter>ui</Filter>
    </ClInclude>
    <ClInclude Include="chat_manager\chat_visitor.h">
      <Filter>chat_manager</Filter>
    </ClInclude>
    <ClInclude Include="ui_common\IImageOle.h">
      <Filter>ui_common</Filter>
    </ClInclude>
    <ClInclude Include="ui_common\ole_helper.h">
      <Filter>ui_common</Filter>
    </ClInclude>
    <ClInclude Include="ui\rich_edit_util.h">
      <Filter>ui</Filter>
    </ClInclude>
    <ClInclude Include="http_load\http_unit.h">
      <Filter>http_load</Filter>
    </ClInclude>
    <ClInclude Include="chat_common\comenum.h">
      <Filter>头文件</Filter>
    </ClInclude>
  </ItemGroup>
  <ItemGroup>
    <ClCompile Include="stdafx.cpp">
      <Filter>源文件</Filter>
    </ClCompile>
    <ClCompile Include="YunKa.cpp">
      <Filter>源文件</Filter>
    </ClCompile>
    <ClCompile Include="timer\timer.cpp">
      <Filter>timer</Filter>
    </ClCompile>
    <ClCompile Include="md5\md5.cpp">
      <Filter>md5</Filter>
    </ClCompile>
    <ClCompile Include="log\winlog.cpp">
      <Filter>log</Filter>
    </ClCompile>
    <ClCompile Include="auth\auth_client.cpp">
      <Filter>auth</Filter>
    </ClCompile>
    <ClCompile Include="auth\http_parse.cpp">
      <Filter>auth</Filter>
    </ClCompile>
    <ClCompile Include="auth\sockbase.cpp">
      <Filter>auth</Filter>
    </ClCompile>
    <ClCompile Include="cef_browser\binding_test.cpp">
      <Filter>cef_browser</Filter>
    </ClCompile>
    <ClCompile Include="cef_browser\bytes_write_handler.cpp">
      <Filter>cef_browser</Filter>
    </ClCompile>
    <ClCompile Include="cef_browser\cefclient.cpp">
      <Filter>cef_browser</Filter>
    </ClCompile>
    <ClCompile Include="cef_browser\cefclient_osr_dragdrop_win.cpp">
      <Filter>cef_browser</Filter>
    </ClCompile>
    <ClCompile Include="cef_browser\cefclient_osr_widget_win.cpp">
      <Filter>cef_browser</Filter>
    </ClCompile>
    <ClCompile Include="cef_browser\client_app.cpp">
      <Filter>cef_browser</Filter>
    </ClCompile>
    <ClCompile Include="cef_browser\client_app_delegates.cpp">
      <Filter>cef_browser</Filter>
    </ClCompile>
    <ClCompile Include="cef_browser\client_handler.cpp">
      <Filter>cef_browser</Filter>
    </ClCompile>
    <ClCompile Include="cef_browser\client_handler_win.cpp">
      <Filter>cef_browser</Filter>
    </ClCompile>
    <ClCompile Include="cef_browser\client_renderer.cpp">
      <Filter>cef_browser</Filter>
    </ClCompile>
    <ClCompile Include="cef_browser\client_switches.cpp">
      <Filter>cef_browser</Filter>
    </ClCompile>
    <ClCompile Include="cef_browser\dialog_test.cpp">
      <Filter>cef_browser</Filter>
    </ClCompile>
    <ClCompile Include="cef_browser\osrenderer.cpp">
      <Filter>cef_browser</Filter>
    </ClCompile>
    <ClCompile Include="cef_browser\performance.cpp">
      <Filter>cef_browser</Filter>
    </ClCompile>
    <ClCompile Include="cef_browser\performance_func.cpp">
      <Filter>cef_browser</Filter>
    </ClCompile>
    <ClCompile Include="cef_browser\resource_util_win.cpp">
      <Filter>cef_browser</Filter>
    </ClCompile>
    <ClCompile Include="cef_browser\scheme_test.cpp">
      <Filter>cef_browser</Filter>
    </ClCompile>
    <ClCompile Include="cef_browser\string_util.cpp">
      <Filter>cef_browser</Filter>
    </ClCompile>
    <ClCompile Include="cef_browser\window_test.cpp">
      <Filter>cef_browser</Filter>
    </ClCompile>
    <ClCompile Include="cef_browser\window_test_win.cpp">
      <Filter>cef_browser</Filter>
    </ClCompile>
    <ClCompile Include="chat_common\comclt.cpp">
      <Filter>chat_common</Filter>
    </ClCompile>
    <ClCompile Include="chat_common\comcom.cpp">
      <Filter>chat_common</Filter>
    </ClCompile>
    <ClCompile Include="chat_common\comfloat.cpp">
      <Filter>chat_common</Filter>
    </ClCompile>
    <ClCompile Include="chat_common\comform.cpp">
      <Filter>chat_common</Filter>
    </ClCompile>
    <ClCompile Include="chat_common\comfunc.cpp">
      <Filter>chat_common</Filter>
    </ClCompile>
    <ClCompile Include="chat_common\comobject.cpp">
      <Filter>chat_common</Filter>
    </ClCompile>
    <ClCompile Include="chat_common\comsrv.cpp">
      <Filter>chat_common</Filter>
    </ClCompile>
    <ClCompile Include="chat_common\wx_obj.cpp">
      <Filter>chat_common</Filter>
    </ClCompile>
    <ClCompile Include="chat_manager\chat_history_msg.cpp">
      <Filter>chat_manager</Filter>
    </ClCompile>
    <ClCompile Include="chat_manager\chat_manager.cpp">
      <Filter>chat_manager</Filter>
    </ClCompile>
    <ClCompile Include="chat_manager\login.cpp">
      <Filter>chat_manager</Filter>
    </ClCompile>
    <ClCompile Include="chat_manager\socket.cpp">
      <Filter>chat_manager</Filter>
    </ClCompile>
    <ClCompile Include="json\cJSON.c">
      <Filter>json</Filter>
    </ClCompile>
    <ClCompile Include="json\json_reader.cpp">
      <Filter>json</Filter>
    </ClCompile>
    <ClCompile Include="json\json_value.cpp">
      <Filter>json</Filter>
    </ClCompile>
    <ClCompile Include="json\json_writer.cpp">
      <Filter>json</Filter>
    </ClCompile>
    <ClCompile Include="json\jsonext.cpp">
      <Filter>json</Filter>
    </ClCompile>
    <ClCompile Include="ui\face_ctrl.cpp">
      <Filter>ui</Filter>
    </ClCompile>
    <ClCompile Include="ui\face_sel_dlg.cpp">
      <Filter>ui</Filter>
    </ClCompile>
    <ClCompile Include="ui\face_list.cpp">
      <Filter>ui</Filter>
    </ClCompile>
    <ClCompile Include="ui\gif_image.cpp">
      <Filter>ui</Filter>
    </ClCompile>
    <ClCompile Include="ui\login_wnd.cpp">
      <Filter>ui</Filter>
    </ClCompile>
    <ClCompile Include="ui\main_frame.cpp">
      <Filter>ui</Filter>
    </ClCompile>
    <ClCompile Include="ui\ui_crack.cpp">
      <Filter>ui</Filter>
    </ClCompile>
    <ClCompile Include="ui\ui_menu.cpp">
      <Filter>ui</Filter>
    </ClCompile>
    <ClCompile Include="ui\user_list.cpp">
      <Filter>ui</Filter>
    </ClCompile>
    <ClCompile Include="ui\xml_document.cpp">
      <Filter>ui_common</Filter>
    </ClCompile>
    <ClCompile Include="ui_common\common_utility.cpp">
      <Filter>ui_common</Filter>
    </ClCompile>
    <ClCompile Include="ui_common\global_setting.cpp">
      <Filter>ui_common</Filter>
    </ClCompile>
    <ClCompile Include="ui_common\path.cpp">
      <Filter>ui_common</Filter>
    </ClCompile>
    <ClCompile Include="ui_common\small_menu.cpp">
      <Filter>ui_common</Filter>
    </ClCompile>
    <ClCompile Include="ui_common\utils.cpp">
      <Filter>ui_common</Filter>
    </ClCompile>
    <ClCompile Include="utils\code_convert.cpp">
      <Filter>utils</Filter>
    </ClCompile>
    <ClCompile Include="utils\convert.cpp">
      <Filter>utils</Filter>
    </ClCompile>
    <ClCompile Include="utils\encrypt.cpp">
      <Filter>utils</Filter>
    </ClCompile>
    <ClCompile Include="utils\error_info.cpp">
      <Filter>utils</Filter>
    </ClCompile>
    <ClCompile Include="utils\pack.cpp">
      <Filter>utils</Filter>
    </ClCompile>
    <ClCompile Include="utils\tstring.cpp">
      <Filter>utils</Filter>
    </ClCompile>
    <ClCompile Include="chat_manager\chat_visitor.cpp">
      <Filter>chat_manager</Filter>
    </ClCompile>
    <ClCompile Include="ui_common\ole_helper.cpp">
      <Filter>ui_common</Filter>
    </ClCompile>
    <ClCompile Include="ui\rich_edit_util.cpp">
      <Filter>ui</Filter>
    </ClCompile>
    <ClCompile Include="http_load\http_unit.cpp">
      <Filter>http_load</Filter>
    </ClCompile>
  </ItemGroup>
  <ItemGroup>
    <ResourceCompile Include="YunKa.rc">
      <Filter>资源文件</Filter>
    </ResourceCompile>
  </ItemGroup>
  <ItemGroup>
    <None Include="json\json_internalarray.inl">
      <Filter>json</Filter>
    </None>
    <None Include="json\json_internalmap.inl">
      <Filter>json</Filter>
    </None>
    <None Include="json\json_valueiterator.inl">
      <Filter>json</Filter>
    </None>
  </ItemGroup>
  <ItemGroup>
    <Library Include="ui_common\ImageOleCtrl.lib">
      <Filter>ui_common</Filter>
    </Library>
  </ItemGroup>
</Project>