<?xml version="1.0" encoding="utf-8"?>
<Project ToolsVersion="4.0" xmlns="http://schemas.microsoft.com/developer/msbuild/2003">
  <ItemGroup>
    <Filter Include="源文件">
      <UniqueIdentifier>{4FC737F1-C7A5-4376-A066-2A32D752A2FF}</UniqueIdentifier>
      <Extensions>cpp;c;cc;cxx;def;odl;idl;hpj;bat;asm;asmx</Extensions>
    </Filter>
    <Filter Include="头文件">
      <UniqueIdentifier>{93995380-89BD-4b04-88EB-625FBE52EBFB}</UniqueIdentifier>
      <Extensions>h;hh;hpp;hxx;hm;inl;inc;xsd</Extensions>
    </Filter>
    <Filter Include="资源文件">
      <UniqueIdentifier>{67DA6AB6-F800-4c08-8B7A-83BB121AAD01}</UniqueIdentifier>
      <Extensions>rc;ico;cur;bmp;dlg;rc2;rct;bin;rgs;gif;jpg;jpeg;jpe;resx;tiff;tif;png;wav;mfcribbon-ms</Extensions>
    </Filter>
    <Filter Include="UI">
      <UniqueIdentifier>{d2762ba4-a2c5-427a-95d6-8ac577a162c8}</UniqueIdentifier>
    </Filter>
    <Filter Include="common">
      <UniqueIdentifier>{61bd1160-9772-42a7-bfed-8a7c70263704}</UniqueIdentifier>
    </Filter>
  </ItemGroup>
  <ItemGroup>
    <Text Include="ReadMe.txt" />
  </ItemGroup>
  <ItemGroup>
    <ClInclude Include="stdafx.h">
      <Filter>头文件</Filter>
    </ClInclude>
    <ClInclude Include="targetver.h">
      <Filter>头文件</Filter>
    </ClInclude>
    <ClInclude Include="Resource.h">
      <Filter>头文件</Filter>
    </ClInclude>
    <ClInclude Include="MlyClient.h">
      <Filter>头文件</Filter>
    </ClInclude>
    <ClInclude Include="ui\LoginWnd.h">
      <Filter>UI</Filter>
    </ClInclude>
    <ClInclude Include="ui\MainFrame.h">
      <Filter>UI</Filter>
    </ClInclude>
    <ClInclude Include="ui\observer_impl_base.hpp">
      <Filter>UI</Filter>
    </ClInclude>
    <ClInclude Include="ui\UICrack.h">
      <Filter>UI</Filter>
    </ClInclude>
    <ClInclude Include="ui\UIMenu.h">
      <Filter>UI</Filter>
    </ClInclude>
    <ClInclude Include="common\GlobalSettingDefine.h">
      <Filter>common</Filter>
    </ClInclude>
    <ClInclude Include="common\SmallMenu.h">
      <Filter>common</Filter>
    </ClInclude>
  </ItemGroup>
  <ItemGroup>
    <ClCompile Include="stdafx.cpp">
      <Filter>源文件</Filter>
    </ClCompile>
    <ClCompile Include="MlyClient.cpp">
      <Filter>源文件</Filter>
    </ClCompile>
    <ClCompile Include="ui\LoginWnd.cpp">
      <Filter>UI</Filter>
    </ClCompile>
    <ClCompile Include="ui\MainFrame.cpp">
      <Filter>UI</Filter>
    </ClCompile>
    <ClCompile Include="ui\UICrack.cpp">
      <Filter>UI</Filter>
    </ClCompile>
    <ClCompile Include="ui\UIMenu.cpp">
      <Filter>UI</Filter>
    </ClCompile>
    <ClCompile Include="common\SmallMenu.cpp">
      <Filter>common</Filter>
    </ClCompile>
  </ItemGroup>
  <ItemGroup>
    <ResourceCompile Include="MlyClient.rc">
      <Filter>资源文件</Filter>
    </ResourceCompile>
  </ItemGroup>
  <ItemGroup>
    <Image Include="small.ico">
      <Filter>资源文件</Filter>
    </Image>
    <Image Include="MlyClient.ico">
      <Filter>资源文件</Filter>
    </Image>
  </ItemGroup>
</Project>